
Microsoft Visual Studio Solution File, Format Version 12.00
# Visual Studio 15
VisualStudioVersion = 15.0.28307.779
MinimumVisualStudioVersion = 10.0.40219.1
Project("{FAE04EC0-301F-11D3-BF4B-00C04F79EFBC}") = "HallarPotencia", "HallarPotencia\HallarPotencia.csproj", "{C918007C-61E3-41C8-937F-217C4C48DA9C}"
EndProject
Global
	GlobalSection(SolutionConfigurationPlatforms) = preSolution
		Debug|Any CPU = Debug|Any CPU
		Release|Any CPU = Release|Any CPU
	EndGlobalSection
	GlobalSection(ProjectConfigurationPlatforms) = postSolution
		{C918007C-61E3-41C8-937F-217C4C48DA9C}.Debug|Any CPU.ActiveCfg = Debug|Any CPU
		{C918007C-61E3-41C8-937F-217C4C48DA9C}.Debug|Any CPU.Build.0 = Debug|Any CPU
		{C918007C-61E3-41C8-937F-217C4C48DA9C}.Release|Any CPU.ActiveCfg = Release|Any CPU
		{C918007C-61E3-41C8-937F-217C4C48DA9C}.Release|Any CPU.Build.0 = Release|Any CPU
	EndGlobalSection
	GlobalSection(SolutionProperties) = preSolution
		HideSolutionNode = FALSE
	EndGlobalSection
	GlobalSection(ExtensibilityGlobals) = postSolution
		SolutionGuid = {78BF2801-2790-496A-829D-4D29D5778437}
	EndGlobalSection
EndGlobal
